<?xml version="1.0"?>
<CONFIG>
  <ProjectOptions>
    <Version Value="9"/>
    <PathDelim Value="\"/>
    <General>
      <MainUnit Value="0"/>
      <Title Value="LightIRC"/>
      <UseAppBundle Value="False"/>
      <ResourceType Value="res"/>
      <UseXPManifest Value="True"/>
      <XPManifest>
        <DpiAware Value="True"/>
      </XPManifest>
      <Icon Value="0"/>
      <ActiveWindowIndexAtStart Value="0"/>
    </General>
    <i18n>
      <EnableI18N LFM="False"/>
    </i18n>
    <VersionInfo>
      <UseVersionInfo Value="True"/>
      <BuildNr Value="1"/>
      <Language Value="0416"/>
      <CharSet Value="04B0"/>
      <StringTable ProductVersion=""/>
    </VersionInfo>
    <BuildModes Count="1" Active="Default">
      <Item1 Name="Default" Default="True"/>
    </BuildModes>
    <PublishOptions>
      <Version Value="2"/>
      <IncludeFileFilter Value="*.(pas|pp|inc|lfm|lpr|lrs|lpi|lpk|sh|xml)"/>
      <ExcludeFileFilter Value="*.(bak|ppu|o|so);*~;backup"/>
    </PublishOptions>
    <RunParams>
      <local>
        <FormatVersion Value="1"/>
      </local>
    </RunParams>
    <RequiredPackages Count="1">
      <Item1>
        <PackageName Value="LCL"/>
      </Item1>
    </RequiredPackages>
    <Units Count="10">
      <Unit0>
        <Filename Value="LightIRC.lpr"/>
        <IsPartOfProject Value="True"/>
        <UnitName Value="LightIRC"/>
        <IsVisibleTab Value="True"/>
        <EditorIndex Value="1"/>
        <WindowIndex Value="0"/>
        <TopLine Value="1"/>
        <CursorPos X="1" Y="1"/>
        <UsageCount Value="23"/>
        <Loaded Value="True"/>
      </Unit0>
      <Unit1>
        <Filename Value="main.pas"/>
        <IsPartOfProject Value="True"/>
        <ComponentName Value="MainForm"/>
        <ResourceBaseClass Value="Form"/>
        <UnitName Value="Main"/>
        <EditorIndex Value="0"/>
        <WindowIndex Value="0"/>
        <TopLine Value="100"/>
        <CursorPos X="1" Y="119"/>
        <UsageCount Value="23"/>
        <Loaded Value="True"/>
        <LoadedDesigner Value="True"/>
      </Unit1>
      <Unit2>
        <Filename Value="Indy10\Protocols\IdIRC.pas"/>
        <UnitName Value="IdIRC"/>
        <EditorIndex Value="7"/>
        <WindowIndex Value="0"/>
        <TopLine Value="76"/>
        <CursorPos X="115" Y="93"/>
        <UsageCount Value="11"/>
        <Loaded Value="True"/>
      </Unit2>
      <Unit3>
        <Filename Value="Indy10\System\IdGlobal.pas"/>
        <UnitName Value="IdGlobal"/>
        <EditorIndex Value="9"/>
        <WindowIndex Value="0"/>
        <TopLine Value="4775"/>
        <CursorPos X="3" Y="4793"/>
        <UsageCount Value="11"/>
        <Loaded Value="True"/>
      </Unit3>
      <Unit4>
        <Filename Value="Indy10\Core\IdIOHandler.pas"/>
        <UnitName Value="IdIOHandler"/>
        <EditorIndex Value="4"/>
        <WindowIndex Value="0"/>
        <TopLine Value="1423"/>
        <CursorPos X="42" Y="1491"/>
        <UsageCount Value="11"/>
        <Loaded Value="True"/>
      </Unit4>
      <Unit5>
        <Filename Value="Indy10\System\IdComponent.pas"/>
        <UnitName Value="IdComponent"/>
        <EditorIndex Value="3"/>
        <WindowIndex Value="0"/>
        <TopLine Value="75"/>
        <CursorPos X="49" Y="91"/>
        <UsageCount Value="11"/>
        <Loaded Value="True"/>
      </Unit5>
      <Unit6>
        <Filename Value="Indy10\System\IdException.pas"/>
        <UnitName Value="IdException"/>
        <EditorIndex Value="2"/>
        <WindowIndex Value="0"/>
        <TopLine Value="67"/>
        <CursorPos X="1" Y="112"/>
        <UsageCount Value="11"/>
        <Loaded Value="True"/>
      </Unit6>
      <Unit7>
        <Filename Value="Indy10\Core\IdContext.pas"/>
        <UnitName Value="IdContext"/>
        <EditorIndex Value="8"/>
        <WindowIndex Value="0"/>
        <TopLine Value="65"/>
        <CursorPos X="3" Y="82"/>
        <UsageCount Value="11"/>
        <Loaded Value="True"/>
      </Unit7>
      <Unit8>
        <Filename Value="Indy10\Core\IdCmdTCPClient.pas"/>
        <UnitName Value="IdCmdTCPClient"/>
        <EditorIndex Value="5"/>
        <WindowIndex Value="0"/>
        <TopLine Value="191"/>
        <CursorPos X="1" Y="208"/>
        <UsageCount Value="10"/>
        <Loaded Value="True"/>
      </Unit8>
      <Unit9>
        <Filename Value="Indy10\Core\IdThread.pas"/>
        <UnitName Value="IdThread"/>
        <EditorIndex Value="6"/>
        <WindowIndex Value="0"/>
        <TopLine Value="343"/>
        <CursorPos X="1" Y="360"/>
        <UsageCount Value="10"/>
        <Loaded Value="True"/>
      </Unit9>
    </Units>
    <JumpHistory Count="30" HistoryIndex="29">
      <Position1>
        <Filename Value="main.pas"/>
        <Caret Line="24" Column="39" TopLine="10"/>
      </Position1>
      <Position2>
        <Filename Value="main.pas"/>
        <Caret Line="25" Column="39" TopLine="10"/>
      </Position2>
      <Position3>
        <Filename Value="main.pas"/>
        <Caret Line="69" Column="15" TopLine="67"/>
      </Position3>
      <Position4>
        <Filename Value="main.pas"/>
        <Caret Line="29" Column="1" TopLine="23"/>
      </Position4>
      <Position5>
        <Filename Value="main.pas"/>
        <Caret Line="110" Column="19" TopLine="87"/>
      </Position5>
      <Position6>
        <Filename Value="Indy10\Protocols\IdIRC.pas"/>
        <Caret Line="397" Column="43" TopLine="380"/>
      </Position6>
      <Position7>
        <Filename Value="main.pas"/>
        <Caret Line="35" Column="27" TopLine="19"/>
      </Position7>
      <Position8>
        <Filename Value="main.pas"/>
        <Caret Line="107" Column="3" TopLine="91"/>
      </Position8>
      <Position9>
        <Filename Value="main.pas"/>
        <Caret Line="108" Column="3" TopLine="92"/>
      </Position9>
      <Position10>
        <Filename Value="main.pas"/>
        <Caret Line="107" Column="3" TopLine="91"/>
      </Position10>
      <Position11>
        <Filename Value="main.pas"/>
        <Caret Line="108" Column="3" TopLine="92"/>
      </Position11>
      <Position12>
        <Filename Value="main.pas"/>
        <Caret Line="107" Column="3" TopLine="91"/>
      </Position12>
      <Position13>
        <Filename Value="main.pas"/>
        <Caret Line="108" Column="3" TopLine="92"/>
      </Position13>
      <Position14>
        <Filename Value="main.pas"/>
        <Caret Line="109" Column="3" TopLine="93"/>
      </Position14>
      <Position15>
        <Filename Value="main.pas"/>
        <Caret Line="110" Column="3" TopLine="94"/>
      </Position15>
      <Position16>
        <Filename Value="main.pas"/>
        <Caret Line="111" Column="3" TopLine="95"/>
      </Position16>
      <Position17>
        <Filename Value="main.pas"/>
        <Caret Line="122" Column="18" TopLine="98"/>
      </Position17>
      <Position18>
        <Filename Value="Indy10\Protocols\IdIRC.pas"/>
        <Caret Line="417" Column="47" TopLine="400"/>
      </Position18>
      <Position19>
        <Filename Value="main.pas"/>
        <Caret Line="41" Column="26" TopLine="24"/>
      </Position19>
      <Position20>
        <Filename Value="main.pas"/>
        <Caret Line="118" Column="39" TopLine="106"/>
      </Position20>
      <Position21>
        <Filename Value="main.pas"/>
        <Caret Line="115" Column="20" TopLine="106"/>
      </Position21>
      <Position22>
        <Filename Value="main.pas"/>
        <Caret Line="75" Column="3" TopLine="73"/>
      </Position22>
      <Position23>
        <Filename Value="main.pas"/>
        <Caret Line="70" Column="27" TopLine="46"/>
      </Position23>
      <Position24>
        <Filename Value="main.pas"/>
        <Caret Line="34" Column="29" TopLine="49"/>
      </Position24>
      <Position25>
        <Filename Value="main.pas"/>
        <Caret Line="112" Column="15" TopLine="82"/>
      </Position25>
      <Position26>
        <Filename Value="Indy10\System\IdException.pas"/>
        <Caret Line="112" Column="1" TopLine="81"/>
      </Position26>
      <Position27>
        <Filename Value="Indy10\Core\IdIOHandler.pas"/>
        <Caret Line="1315" Column="1" TopLine="1298"/>
      </Position27>
      <Position28>
        <Filename Value="Indy10\Core\IdIOHandler.pas"/>
        <Caret Line="1491" Column="42" TopLine="1423"/>
      </Position28>
      <Position29>
        <Filename Value="Indy10\Core\IdCmdTCPClient.pas"/>
        <Caret Line="208" Column="1" TopLine="191"/>
      </Position29>
      <Position30>
        <Filename Value="main.pas"/>
        <Caret Line="112" Column="15" TopLine="82"/>
      </Position30>
    </JumpHistory>
  </ProjectOptions>
  <CompilerOptions>
    <Version Value="9"/>
    <PathDelim Value="\"/>
    <Target>
      <Filename Value="LightIRC"/>
    </Target>
    <SearchPaths>
      <IncludeFiles Value="$(ProjOutDir)"/>
      <OtherUnitFiles Value="Indy10\Core;Indy10\Protocols;Indy10\System"/>
      <UnitOutputDirectory Value="lib\$(TargetCPU)-$(TargetOS)"/>
    </SearchPaths>
    <Linking>
      <Options>
        <Win32>
          <GraphicApplication Value="True"/>
        </Win32>
      </Options>
    </Linking>
    <Other>
      <CompilerMessages>
        <UseMsgFile Value="True"/>
      </CompilerMessages>
      <CompilerPath Value="$(CompPath)"/>
    </Other>
  </CompilerOptions>
  <Debugging>
    <Watches Count="1">
      <Item1>
        <Expression Value="Teste"/>
      </Item1>
    </Watches>
    <Exceptions Count="3">
      <Item1>
        <Name Value="EAbort"/>
      </Item1>
      <Item2>
        <Name Value="ECodetoolError"/>
      </Item2>
      <Item3>
        <Name Value="EFOpenError"/>
      </Item3>
    </Exceptions>
  </Debugging>
</CONFIG>
