<?xml version="1.0"?>
<CONFIG>
  <ProjectOptions>
    <Version Value="9"/>
    <PathDelim Value="\"/>
    <General>
      <MainUnit Value="0"/>
      <Title Value="LightIRC"/>
      <UseAppBundle Value="False"/>
      <ResourceType Value="res"/>
      <UseXPManifest Value="True"/>
      <XPManifest>
        <DpiAware Value="True"/>
      </XPManifest>
      <Icon Value="0"/>
      <ActiveWindowIndexAtStart Value="0"/>
    </General>
    <i18n>
      <EnableI18N LFM="False"/>
    </i18n>
    <VersionInfo>
      <UseVersionInfo Value="True"/>
      <BuildNr Value="1"/>
      <Language Value="0416"/>
      <CharSet Value="04B0"/>
      <StringTable ProductVersion=""/>
    </VersionInfo>
    <BuildModes Count="1" Active="Default">
      <Item1 Name="Default" Default="True"/>
    </BuildModes>
    <PublishOptions>
      <Version Value="2"/>
      <IncludeFileFilter Value="*.(pas|pp|inc|lfm|lpr|lrs|lpi|lpk|sh|xml)"/>
      <ExcludeFileFilter Value="*.(bak|ppu|o|so);*~;backup"/>
    </PublishOptions>
    <RunParams>
      <local>
        <FormatVersion Value="1"/>
      </local>
    </RunParams>
    <RequiredPackages Count="1">
      <Item1>
        <PackageName Value="LCL"/>
      </Item1>
    </RequiredPackages>
    <Units Count="26">
      <Unit0>
        <Filename Value="LightIRC.lpr"/>
        <IsPartOfProject Value="True"/>
        <UnitName Value="LightIRC"/>
        <WindowIndex Value="0"/>
        <TopLine Value="1"/>
        <CursorPos X="30" Y="11"/>
        <UsageCount Value="28"/>
      </Unit0>
      <Unit1>
        <Filename Value="main.pas"/>
        <IsPartOfProject Value="True"/>
        <ComponentName Value="MainForm"/>
        <HasResources Value="True"/>
        <ResourceBaseClass Value="Form"/>
        <UnitName Value="Main"/>
        <EditorIndex Value="2"/>
        <WindowIndex Value="0"/>
        <TopLine Value="74"/>
        <CursorPos X="24" Y="83"/>
        <UsageCount Value="28"/>
        <Loaded Value="True"/>
        <LoadedDesigner Value="True"/>
      </Unit1>
      <Unit2>
        <Filename Value="Indy10\Protocols\IdIRC.pas"/>
        <UnitName Value="IdIRC"/>
        <WindowIndex Value="0"/>
        <TopLine Value="1"/>
        <CursorPos X="1" Y="1"/>
        <UsageCount Value="12"/>
      </Unit2>
      <Unit3>
        <Filename Value="Indy10\System\IdGlobal.pas"/>
        <UnitName Value="IdGlobal"/>
        <WindowIndex Value="0"/>
        <TopLine Value="4775"/>
        <CursorPos X="3" Y="4793"/>
        <UsageCount Value="11"/>
      </Unit3>
      <Unit4>
        <Filename Value="Indy10\Core\IdIOHandler.pas"/>
        <UnitName Value="IdIOHandler"/>
        <WindowIndex Value="0"/>
        <TopLine Value="1296"/>
        <CursorPos X="1" Y="1315"/>
        <UsageCount Value="11"/>
      </Unit4>
      <Unit5>
        <Filename Value="Indy10\System\IdComponent.pas"/>
        <UnitName Value="IdComponent"/>
        <WindowIndex Value="0"/>
        <TopLine Value="138"/>
        <CursorPos X="1" Y="158"/>
        <UsageCount Value="11"/>
      </Unit5>
      <Unit6>
        <Filename Value="Indy10\System\IdException.pas"/>
        <UnitName Value="IdException"/>
        <EditorIndex Value="1"/>
        <WindowIndex Value="0"/>
        <TopLine Value="37"/>
        <CursorPos X="57" Y="98"/>
        <UsageCount Value="11"/>
        <Loaded Value="True"/>
      </Unit6>
      <Unit7>
        <Filename Value="Indy10\Core\IdContext.pas"/>
        <UnitName Value="IdContext"/>
        <WindowIndex Value="0"/>
        <TopLine Value="65"/>
        <CursorPos X="3" Y="82"/>
        <UsageCount Value="11"/>
      </Unit7>
      <Unit8>
        <Filename Value="Indy10\Core\IdCmdTCPClient.pas"/>
        <UnitName Value="IdCmdTCPClient"/>
        <WindowIndex Value="0"/>
        <TopLine Value="188"/>
        <CursorPos X="1" Y="208"/>
        <UsageCount Value="10"/>
      </Unit8>
      <Unit9>
        <Filename Value="Indy10\Core\IdThread.pas"/>
        <UnitName Value="IdThread"/>
        <WindowIndex Value="0"/>
        <TopLine Value="343"/>
        <CursorPos X="1" Y="360"/>
        <UsageCount Value="10"/>
      </Unit9>
      <Unit10>
        <Filename Value="C:\lazarus\lcl\comctrls.pp"/>
        <UnitName Value="ComCtrls"/>
        <WindowIndex Value="0"/>
        <TopLine Value="208"/>
        <CursorPos X="15" Y="225"/>
        <UsageCount Value="10"/>
      </Unit10>
      <Unit11>
        <Filename Value="C:\lazarus\lcl\include\tabsheet.inc"/>
        <WindowIndex Value="0"/>
        <TopLine Value="39"/>
        <CursorPos X="7" Y="51"/>
        <UsageCount Value="10"/>
      </Unit11>
      <Unit12>
        <Filename Value="C:\lazarus\lcl\controls.pp"/>
        <UnitName Value="Controls"/>
        <WindowIndex Value="0"/>
        <TopLine Value="1934"/>
        <CursorPos X="23" Y="1950"/>
        <UsageCount Value="10"/>
      </Unit12>
      <Unit13>
        <Filename Value="C:\lazarus\lcl\include\wincontrol.inc"/>
        <WindowIndex Value="0"/>
        <TopLine Value="6112"/>
        <CursorPos X="3" Y="6111"/>
        <UsageCount Value="10"/>
      </Unit13>
      <Unit14>
        <Filename Value="Indy10\Core\IdCommandHandlers.pas"/>
        <UnitName Value="IdCommandHandlers"/>
        <WindowIndex Value="0"/>
        <TopLine Value="203"/>
        <CursorPos X="16" Y="212"/>
        <UsageCount Value="10"/>
      </Unit14>
      <Unit15>
        <Filename Value="irc.pas"/>
        <IsPartOfProject Value="True"/>
        <UnitName Value="IRC"/>
        <IsVisibleTab Value="True"/>
        <EditorIndex Value="0"/>
        <WindowIndex Value="0"/>
        <TopLine Value="58"/>
        <CursorPos X="46" Y="101"/>
        <UsageCount Value="24"/>
        <Loaded Value="True"/>
      </Unit15>
      <Unit16>
        <Filename Value="Indy10\System\IdBaseComponent.pas"/>
        <UnitName Value="IdBaseComponent"/>
        <WindowIndex Value="0"/>
        <TopLine Value="116"/>
        <CursorPos X="17" Y="128"/>
        <UsageCount Value="10"/>
      </Unit16>
      <Unit17>
        <Filename Value="C:\lazarus\fpc\2.6.0\source\rtl\inc\objpash.inc"/>
        <WindowIndex Value="0"/>
        <TopLine Value="172"/>
        <CursorPos X="23" Y="192"/>
        <UsageCount Value="10"/>
      </Unit17>
      <Unit18>
        <Filename Value="C:\lazarus\lcl\forms.pp"/>
        <UnitName Value="Forms"/>
        <WindowIndex Value="0"/>
        <TopLine Value="602"/>
        <CursorPos X="17" Y="580"/>
        <UsageCount Value="10"/>
      </Unit18>
      <Unit19>
        <Filename Value="Indy10\Core\IdTCPConnection.pas"/>
        <UnitName Value="IdTCPConnection"/>
        <WindowIndex Value="0"/>
        <TopLine Value="487"/>
        <CursorPos X="19" Y="519"/>
        <UsageCount Value="10"/>
      </Unit19>
      <Unit20>
        <Filename Value="C:\lazarus\lcl\include\application.inc"/>
        <WindowIndex Value="0"/>
        <TopLine Value="2147"/>
        <CursorPos X="1" Y="2179"/>
        <UsageCount Value="10"/>
      </Unit20>
      <Unit21>
        <Filename Value="C:\lazarus\lcl\stdctrls.pp"/>
        <UnitName Value="StdCtrls"/>
        <WindowIndex Value="0"/>
        <TopLine Value="815"/>
        <CursorPos X="14" Y="834"/>
        <UsageCount Value="10"/>
      </Unit21>
      <Unit22>
        <Filename Value="C:\lazarus\lcl\asyncprocess.pp"/>
        <UnitName Value="AsyncProcess"/>
        <WindowIndex Value="0"/>
        <TopLine Value="1"/>
        <CursorPos X="1" Y="1"/>
        <UsageCount Value="10"/>
      </Unit22>
      <Unit23>
        <Filename Value="C:\lazarus\fpc\2.6.0\source\rtl\objpas\classes\classesh.inc"/>
        <WindowIndex Value="0"/>
        <TopLine Value="540"/>
        <CursorPos X="18" Y="639"/>
        <UsageCount Value="10"/>
      </Unit23>
      <Unit24>
        <Filename Value="C:\lazarus\fpc\2.6.0\source\rtl\inc\systemh.inc"/>
        <WindowIndex Value="0"/>
        <TopLine Value="913"/>
        <CursorPos X="11" Y="933"/>
        <UsageCount Value="10"/>
      </Unit24>
      <Unit25>
        <Filename Value="channel.pas"/>
        <UnitName Value="Channel"/>
        <WindowIndex Value="0"/>
        <TopLine Value="1"/>
        <CursorPos X="17" Y="33"/>
        <UsageCount Value="21"/>
      </Unit25>
    </Units>
    <JumpHistory Count="30" HistoryIndex="29">
      <Position1>
        <Filename Value="irc.pas"/>
        <Caret Line="66" Column="25" TopLine="49"/>
      </Position1>
      <Position2>
        <Filename Value="irc.pas"/>
        <Caret Line="61" Column="18" TopLine="37"/>
      </Position2>
      <Position3>
        <Filename Value="irc.pas"/>
        <Caret Line="56" Column="22" TopLine="36"/>
      </Position3>
      <Position4>
        <Filename Value="irc.pas"/>
        <Caret Line="16" Column="21" TopLine="1"/>
      </Position4>
      <Position5>
        <Filename Value="irc.pas"/>
        <Caret Line="17" Column="22" TopLine="1"/>
      </Position5>
      <Position6>
        <Filename Value="irc.pas"/>
        <Caret Line="27" Column="24" TopLine="3"/>
      </Position6>
      <Position7>
        <Filename Value="irc.pas"/>
        <Caret Line="33" Column="25" TopLine="6"/>
      </Position7>
      <Position8>
        <Filename Value="irc.pas"/>
        <Caret Line="32" Column="23" TopLine="1"/>
      </Position8>
      <Position9>
        <Filename Value="irc.pas"/>
        <Caret Line="132" Column="18" TopLine="103"/>
      </Position9>
      <Position10>
        <Filename Value="irc.pas"/>
        <Caret Line="126" Column="41" TopLine="104"/>
      </Position10>
      <Position11>
        <Filename Value="irc.pas"/>
        <Caret Line="133" Column="1" TopLine="110"/>
      </Position11>
      <Position12>
        <Filename Value="irc.pas"/>
        <Caret Line="67" Column="70" TopLine="47"/>
      </Position12>
      <Position13>
        <Filename Value="main.pas"/>
        <Caret Line="34" Column="54" TopLine="21"/>
      </Position13>
      <Position14>
        <Filename Value="irc.pas"/>
        <Caret Line="67" Column="82" TopLine="47"/>
      </Position14>
      <Position15>
        <Filename Value="irc.pas"/>
        <Caret Line="18" Column="28" TopLine="11"/>
      </Position15>
      <Position16>
        <Filename Value="main.pas"/>
        <Caret Line="72" Column="29" TopLine="42"/>
      </Position16>
      <Position17>
        <Filename Value="main.pas"/>
        <Caret Line="73" Column="29" TopLine="29"/>
      </Position17>
      <Position18>
        <Filename Value="main.pas"/>
        <Caret Line="106" Column="55" TopLine="84"/>
      </Position18>
      <Position19>
        <Filename Value="main.pas"/>
        <Caret Line="11" Column="12" TopLine="1"/>
      </Position19>
      <Position20>
        <Filename Value="irc.pas"/>
        <Caret Line="105" Column="46" TopLine="58"/>
      </Position20>
      <Position21>
        <Filename Value="irc.pas"/>
        <Caret Line="75" Column="21" TopLine="59"/>
      </Position21>
      <Position22>
        <Filename Value="irc.pas"/>
        <Caret Line="66" Column="32" TopLine="57"/>
      </Position22>
      <Position23>
        <Filename Value="irc.pas"/>
        <Caret Line="20" Column="40" TopLine="1"/>
      </Position23>
      <Position24>
        <Filename Value="irc.pas"/>
        <Caret Line="115" Column="43" TopLine="93"/>
      </Position24>
      <Position25>
        <Filename Value="irc.pas"/>
        <Caret Line="66" Column="56" TopLine="45"/>
      </Position25>
      <Position26>
        <Filename Value="irc.pas"/>
        <Caret Line="68" Column="43" TopLine="47"/>
      </Position26>
      <Position27>
        <Filename Value="irc.pas"/>
        <Caret Line="95" Column="19" TopLine="69"/>
      </Position27>
      <Position28>
        <Filename Value="irc.pas"/>
        <Caret Line="100" Column="34" TopLine="69"/>
      </Position28>
      <Position29>
        <Filename Value="irc.pas"/>
        <Caret Line="95" Column="20" TopLine="69"/>
      </Position29>
      <Position30>
        <Filename Value="irc.pas"/>
        <Caret Line="101" Column="20" TopLine="69"/>
      </Position30>
    </JumpHistory>
  </ProjectOptions>
  <CompilerOptions>
    <Version Value="11"/>
    <PathDelim Value="\"/>
    <Target>
      <Filename Value="LightIRC"/>
    </Target>
    <SearchPaths>
      <IncludeFiles Value="$(ProjOutDir)"/>
      <OtherUnitFiles Value="Indy10\Core;Indy10\Protocols;Indy10\System"/>
      <UnitOutputDirectory Value="lib\$(TargetCPU)-$(TargetOS)"/>
    </SearchPaths>
    <Linking>
      <Options>
        <Win32>
          <GraphicApplication Value="True"/>
        </Win32>
      </Options>
    </Linking>
    <Other>
      <CompilerMessages>
        <UseMsgFile Value="True"/>
      </CompilerMessages>
      <CompilerPath Value="$(CompPath)"/>
    </Other>
  </CompilerOptions>
  <Debugging>
    <Watches Count="1">
      <Item1>
        <Expression Value="Teste"/>
      </Item1>
    </Watches>
    <Exceptions Count="3">
      <Item1>
        <Name Value="EAbort"/>
      </Item1>
      <Item2>
        <Name Value="ECodetoolError"/>
      </Item2>
      <Item3>
        <Name Value="EFOpenError"/>
      </Item3>
    </Exceptions>
  </Debugging>
</CONFIG>
